
Microsoft Visual Studio Solution File, Format Version 12.00
# Visual Studio 15
VisualStudioVersion = 15.0.28010.2050
MinimumVisualStudioVersion = 10.0.40219.1
Project("{8BC9CEB8-8B4A-11D0-8D11-00A0C91BC942}") = "x64_test", "x64_test.vcxproj", "{C64A178E-BDF8-477A-98F4-2FD167E38D6E}"
EndProject
Global
	GlobalSection(SolutionConfigurationPlatforms) = preSolution
		Debug|x64 = Debug|x64
	EndGlobalSection
	GlobalSection(ProjectConfigurationPlatforms) = postSolution
		{C64A178E-BDF8-477A-98F4-2FD167E38D6E}.Debug|x64.ActiveCfg = Debug|x64
		{C64A178E-BDF8-477A-98F4-2FD167E38D6E}.Debug|x64.Build.0 = Debug|x64
	EndGlobalSection
	GlobalSection(SolutionProperties) = preSolution
		HideSolutionNode = FALSE
	EndGlobalSection
	GlobalSection(ExtensibilityGlobals) = postSolution
		SolutionGuid = {3F4F7284-D56D-4EDE-956D-D2F629CF9E1B}
	EndGlobalSection
EndGlobal
